
Microsoft Visual Studio Solution File, Format Version 12.00
# Visual Studio Version 16
VisualStudioVersion = 16.0.30503.244
MinimumVisualStudioVersion = 10.0.40219.1
Project("{FAE04EC0-301F-11D3-BF4B-00C04F79EFBC}") = "BlazingShop", "BlazingShop\BlazingShop.csproj", "{F4140B25-463B-44BF-9ACC-A66D8D88A140}"
EndProject
Global
	GlobalSection(SolutionConfigurationPlatforms) = preSolution
		Debug|Any CPU = Debug|Any CPU
		Release|Any CPU = Release|Any CPU
	EndGlobalSection
	GlobalSection(ProjectConfigurationPlatforms) = postSolution
		{F4140B25-463B-44BF-9ACC-A66D8D88A140}.Debug|Any CPU.ActiveCfg = Debug|Any CPU
		{F4140B25-463B-44BF-9ACC-A66D8D88A140}.Debug|Any CPU.Build.0 = Debug|Any CPU
		{F4140B25-463B-44BF-9ACC-A66D8D88A140}.Release|Any CPU.ActiveCfg = Release|Any CPU
		{F4140B25-463B-44BF-9ACC-A66D8D88A140}.Release|Any CPU.Build.0 = Release|Any CPU
	EndGlobalSection
	GlobalSection(SolutionProperties) = preSolution
		HideSolutionNode = FALSE
	EndGlobalSection
	GlobalSection(ExtensibilityGlobals) = postSolution
		SolutionGuid = {54965523-802F-4680-9715-8FF30D4F2237}
	EndGlobalSection
EndGlobal
